{
  "version": 4,
  "terraform_version": "1.7.3",
  "serial": 1,
  "lineage": "25001569-825d-231f-b12c-e1530ef02087",
  "outputs": {},
  "resources": [
    {
      "mode": "managed",
      "type": "spotify_playlist",
      "name": "classical_music",
      "provider": "provider[\"registry.terraform.io/conradludgate/spotify\"]",
      "instances": [
        {
          "schema_version": 0,
          "attributes": {
            "description": null,
            "id": "5o2kVg9evK6VbiHOFomaOA",
            "name": "Ludwig van Beethoven",
            "public": true,
            "snapshot_id": "AAAAAuVPJMZ53VFOhcTgZWqDyLUcFvx1",
            "tracks": [
              "1x27TAmWCNzMTJeqlA5bYz"
            ]
          },
          "sensitive_attributes": [],
          "private": "bnVsbA=="
        }
      ]
    }
  ],
  "check_results": null
}
